
Microsoft Visual Studio Solution File, Format Version 12.00
# Visual Studio Version 17
VisualStudioVersion = 17.0.31512.422
MinimumVisualStudioVersion = 10.0.40219.1
Project("{FAE04EC0-301F-11D3-BF4B-00C04F79EFBC}") = "WebApiTesting.Api", "WebApiTesting.Api\WebApiTesting.Api.csproj", "{061143AE-DC66-4F2B-8DAE-507F58A74874}"
EndProject
Global
	GlobalSection(SolutionConfigurationPlatforms) = preSolution
		Debug|Any CPU = Debug|Any CPU
		Release|Any CPU = Release|Any CPU
	EndGlobalSection
	GlobalSection(ProjectConfigurationPlatforms) = postSolution
		{061143AE-DC66-4F2B-8DAE-507F58A74874}.Debug|Any CPU.ActiveCfg = Debug|Any CPU
		{061143AE-DC66-4F2B-8DAE-507F58A74874}.Debug|Any CPU.Build.0 = Debug|Any CPU
		{061143AE-DC66-4F2B-8DAE-507F58A74874}.Release|Any CPU.ActiveCfg = Release|Any CPU
		{061143AE-DC66-4F2B-8DAE-507F58A74874}.Release|Any CPU.Build.0 = Release|Any CPU
	EndGlobalSection
	GlobalSection(SolutionProperties) = preSolution
		HideSolutionNode = FALSE
	EndGlobalSection
	GlobalSection(ExtensibilityGlobals) = postSolution
		SolutionGuid = {11743B52-677E-4B00-8C7B-4718BE61558D}
	EndGlobalSection
EndGlobal
